
Microsoft Visual Studio Solution File, Format Version 12.00
# Visual Studio Version 17
VisualStudioVersion = 17.10.35013.160
MinimumVisualStudioVersion = 10.0.40219.1
Project("{8BC9CEB8-8B4A-11D0-8D11-00A0C91BC942}") = "_222_count_tree_nodes", "_222_count_tree_nodes.vcxproj", "{FE915E7F-4116-40F1-93AC-D15A0586D45D}"
EndProject
Global
	GlobalSection(SolutionConfigurationPlatforms) = preSolution
		Debug|x64 = Debug|x64
		Debug|x86 = Debug|x86
		Release|x64 = Release|x64
		Release|x86 = Release|x86
	EndGlobalSection
	GlobalSection(ProjectConfigurationPlatforms) = postSolution
		{FE915E7F-4116-40F1-93AC-D15A0586D45D}.Debug|x64.ActiveCfg = Debug|x64
		{FE915E7F-4116-40F1-93AC-D15A0586D45D}.Debug|x64.Build.0 = Debug|x64
		{FE915E7F-4116-40F1-93AC-D15A0586D45D}.Debug|x86.ActiveCfg = Debug|Win32
		{FE915E7F-4116-40F1-93AC-D15A0586D45D}.Debug|x86.Build.0 = Debug|Win32
		{FE915E7F-4116-40F1-93AC-D15A0586D45D}.Release|x64.ActiveCfg = Release|x64
		{FE915E7F-4116-40F1-93AC-D15A0586D45D}.Release|x64.Build.0 = Release|x64
		{FE915E7F-4116-40F1-93AC-D15A0586D45D}.Release|x86.ActiveCfg = Release|Win32
		{FE915E7F-4116-40F1-93AC-D15A0586D45D}.Release|x86.Build.0 = Release|Win32
	EndGlobalSection
	GlobalSection(SolutionProperties) = preSolution
		HideSolutionNode = FALSE
	EndGlobalSection
	GlobalSection(ExtensibilityGlobals) = postSolution
		SolutionGuid = {E07D44BE-E0A9-4962-B659-4D9BA3EFB384}
	EndGlobalSection
EndGlobal
