
Microsoft Visual Studio Solution File, Format Version 12.00
# Visual Studio Version 17
VisualStudioVersion = 17.10.35013.160
MinimumVisualStudioVersion = 10.0.40219.1
Project("{8BC9CEB8-8B4A-11D0-8D11-00A0C91BC942}") = "_050_my_pow", "_050_my_pow.vcxproj", "{02994947-137D-4D0C-855B-17E7E412119E}"
EndProject
Global
	GlobalSection(SolutionConfigurationPlatforms) = preSolution
		Debug|x64 = Debug|x64
		Debug|x86 = Debug|x86
		Release|x64 = Release|x64
		Release|x86 = Release|x86
	EndGlobalSection
	GlobalSection(ProjectConfigurationPlatforms) = postSolution
		{02994947-137D-4D0C-855B-17E7E412119E}.Debug|x64.ActiveCfg = Debug|x64
		{02994947-137D-4D0C-855B-17E7E412119E}.Debug|x64.Build.0 = Debug|x64
		{02994947-137D-4D0C-855B-17E7E412119E}.Debug|x86.ActiveCfg = Debug|Win32
		{02994947-137D-4D0C-855B-17E7E412119E}.Debug|x86.Build.0 = Debug|Win32
		{02994947-137D-4D0C-855B-17E7E412119E}.Release|x64.ActiveCfg = Release|x64
		{02994947-137D-4D0C-855B-17E7E412119E}.Release|x64.Build.0 = Release|x64
		{02994947-137D-4D0C-855B-17E7E412119E}.Release|x86.ActiveCfg = Release|Win32
		{02994947-137D-4D0C-855B-17E7E412119E}.Release|x86.Build.0 = Release|Win32
	EndGlobalSection
	GlobalSection(SolutionProperties) = preSolution
		HideSolutionNode = FALSE
	EndGlobalSection
	GlobalSection(ExtensibilityGlobals) = postSolution
		SolutionGuid = {E01D8854-0679-4B18-8F4D-3C237F8601AF}
	EndGlobalSection
EndGlobal
