
Microsoft Visual Studio Solution File, Format Version 12.00
# Visual Studio Version 17
VisualStudioVersion = 17.10.35013.160
MinimumVisualStudioVersion = 10.0.40219.1
Project("{8BC9CEB8-8B4A-11D0-8D11-00A0C91BC942}") = "_718_find_length", "_718_find_length.vcxproj", "{EA549A11-F302-420A-B86A-BE8D80DDE3D3}"
EndProject
Global
	GlobalSection(SolutionConfigurationPlatforms) = preSolution
		Debug|x64 = Debug|x64
		Debug|x86 = Debug|x86
		Release|x64 = Release|x64
		Release|x86 = Release|x86
	EndGlobalSection
	GlobalSection(ProjectConfigurationPlatforms) = postSolution
		{EA549A11-F302-420A-B86A-BE8D80DDE3D3}.Debug|x64.ActiveCfg = Debug|x64
		{EA549A11-F302-420A-B86A-BE8D80DDE3D3}.Debug|x64.Build.0 = Debug|x64
		{EA549A11-F302-420A-B86A-BE8D80DDE3D3}.Debug|x86.ActiveCfg = Debug|Win32
		{EA549A11-F302-420A-B86A-BE8D80DDE3D3}.Debug|x86.Build.0 = Debug|Win32
		{EA549A11-F302-420A-B86A-BE8D80DDE3D3}.Release|x64.ActiveCfg = Release|x64
		{EA549A11-F302-420A-B86A-BE8D80DDE3D3}.Release|x64.Build.0 = Release|x64
		{EA549A11-F302-420A-B86A-BE8D80DDE3D3}.Release|x86.ActiveCfg = Release|Win32
		{EA549A11-F302-420A-B86A-BE8D80DDE3D3}.Release|x86.Build.0 = Release|Win32
	EndGlobalSection
	GlobalSection(SolutionProperties) = preSolution
		HideSolutionNode = FALSE
	EndGlobalSection
	GlobalSection(ExtensibilityGlobals) = postSolution
		SolutionGuid = {0876AE4E-7C0E-4140-AE68-85F80EF1598E}
	EndGlobalSection
EndGlobal
