
Microsoft Visual Studio Solution File, Format Version 12.00
# Visual Studio Version 17
VisualStudioVersion = 17.10.35013.160
MinimumVisualStudioVersion = 10.0.40219.1
Project("{8BC9CEB8-8B4A-11D0-8D11-00A0C91BC942}") = "_056_merge", "_056_merge.vcxproj", "{998235EA-B8B1-4F95-9D1B-170A3E21B904}"
EndProject
Global
	GlobalSection(SolutionConfigurationPlatforms) = preSolution
		Debug|x64 = Debug|x64
		Debug|x86 = Debug|x86
		Release|x64 = Release|x64
		Release|x86 = Release|x86
	EndGlobalSection
	GlobalSection(ProjectConfigurationPlatforms) = postSolution
		{998235EA-B8B1-4F95-9D1B-170A3E21B904}.Debug|x64.ActiveCfg = Debug|x64
		{998235EA-B8B1-4F95-9D1B-170A3E21B904}.Debug|x64.Build.0 = Debug|x64
		{998235EA-B8B1-4F95-9D1B-170A3E21B904}.Debug|x86.ActiveCfg = Debug|Win32
		{998235EA-B8B1-4F95-9D1B-170A3E21B904}.Debug|x86.Build.0 = Debug|Win32
		{998235EA-B8B1-4F95-9D1B-170A3E21B904}.Release|x64.ActiveCfg = Release|x64
		{998235EA-B8B1-4F95-9D1B-170A3E21B904}.Release|x64.Build.0 = Release|x64
		{998235EA-B8B1-4F95-9D1B-170A3E21B904}.Release|x86.ActiveCfg = Release|Win32
		{998235EA-B8B1-4F95-9D1B-170A3E21B904}.Release|x86.Build.0 = Release|Win32
	EndGlobalSection
	GlobalSection(SolutionProperties) = preSolution
		HideSolutionNode = FALSE
	EndGlobalSection
	GlobalSection(ExtensibilityGlobals) = postSolution
		SolutionGuid = {229EBE11-DF72-4BB5-9518-47CB28DED99F}
	EndGlobalSection
EndGlobal
