
Microsoft Visual Studio Solution File, Format Version 12.00
# Visual Studio Version 17
VisualStudioVersion = 17.10.35013.160
MinimumVisualStudioVersion = 10.0.40219.1
Project("{8BC9CEB8-8B4A-11D0-8D11-00A0C91BC942}") = "_KAMA_097_visit_park", "_KAMA_097_visit_park.vcxproj", "{8CCC46A5-4A1C-4DFF-A4DA-16C5D0CC59DC}"
EndProject
Global
	GlobalSection(SolutionConfigurationPlatforms) = preSolution
		Debug|x64 = Debug|x64
		Debug|x86 = Debug|x86
		Release|x64 = Release|x64
		Release|x86 = Release|x86
	EndGlobalSection
	GlobalSection(ProjectConfigurationPlatforms) = postSolution
		{8CCC46A5-4A1C-4DFF-A4DA-16C5D0CC59DC}.Debug|x64.ActiveCfg = Debug|x64
		{8CCC46A5-4A1C-4DFF-A4DA-16C5D0CC59DC}.Debug|x64.Build.0 = Debug|x64
		{8CCC46A5-4A1C-4DFF-A4DA-16C5D0CC59DC}.Debug|x86.ActiveCfg = Debug|Win32
		{8CCC46A5-4A1C-4DFF-A4DA-16C5D0CC59DC}.Debug|x86.Build.0 = Debug|Win32
		{8CCC46A5-4A1C-4DFF-A4DA-16C5D0CC59DC}.Release|x64.ActiveCfg = Release|x64
		{8CCC46A5-4A1C-4DFF-A4DA-16C5D0CC59DC}.Release|x64.Build.0 = Release|x64
		{8CCC46A5-4A1C-4DFF-A4DA-16C5D0CC59DC}.Release|x86.ActiveCfg = Release|Win32
		{8CCC46A5-4A1C-4DFF-A4DA-16C5D0CC59DC}.Release|x86.Build.0 = Release|Win32
	EndGlobalSection
	GlobalSection(SolutionProperties) = preSolution
		HideSolutionNode = FALSE
	EndGlobalSection
	GlobalSection(ExtensibilityGlobals) = postSolution
		SolutionGuid = {2DCD1E16-D557-4BDA-8380-7D35945EA510}
	EndGlobalSection
EndGlobal
