
Microsoft Visual Studio Solution File, Format Version 12.00
# Visual Studio Version 17
VisualStudioVersion = 17.10.35013.160
MinimumVisualStudioVersion = 10.0.40219.1
Project("{8BC9CEB8-8B4A-11D0-8D11-00A0C91BC942}") = "_KAMA_095_product_transportation_2", "_KAMA_095_product_transportation_2.vcxproj", "{667C0A1A-645D-4E04-9733-80C8F81DB8C7}"
EndProject
Global
	GlobalSection(SolutionConfigurationPlatforms) = preSolution
		Debug|x64 = Debug|x64
		Debug|x86 = Debug|x86
		Release|x64 = Release|x64
		Release|x86 = Release|x86
	EndGlobalSection
	GlobalSection(ProjectConfigurationPlatforms) = postSolution
		{667C0A1A-645D-4E04-9733-80C8F81DB8C7}.Debug|x64.ActiveCfg = Debug|x64
		{667C0A1A-645D-4E04-9733-80C8F81DB8C7}.Debug|x64.Build.0 = Debug|x64
		{667C0A1A-645D-4E04-9733-80C8F81DB8C7}.Debug|x86.ActiveCfg = Debug|Win32
		{667C0A1A-645D-4E04-9733-80C8F81DB8C7}.Debug|x86.Build.0 = Debug|Win32
		{667C0A1A-645D-4E04-9733-80C8F81DB8C7}.Release|x64.ActiveCfg = Release|x64
		{667C0A1A-645D-4E04-9733-80C8F81DB8C7}.Release|x64.Build.0 = Release|x64
		{667C0A1A-645D-4E04-9733-80C8F81DB8C7}.Release|x86.ActiveCfg = Release|Win32
		{667C0A1A-645D-4E04-9733-80C8F81DB8C7}.Release|x86.Build.0 = Release|Win32
	EndGlobalSection
	GlobalSection(SolutionProperties) = preSolution
		HideSolutionNode = FALSE
	EndGlobalSection
	GlobalSection(ExtensibilityGlobals) = postSolution
		SolutionGuid = {583A61EF-B0E6-4C20-B861-3EC645DEE46C}
	EndGlobalSection
EndGlobal
