
Microsoft Visual Studio Solution File, Format Version 12.00
# Visual Studio Version 17
VisualStudioVersion = 17.10.35013.160
MinimumVisualStudioVersion = 10.0.40219.1
Project("{8BC9CEB8-8B4A-11D0-8D11-00A0C91BC942}") = "1049_last_stone_weight_II", "1049_last_stone_weight_II.vcxproj", "{E965C475-A735-42CC-990E-D5CA4DD24BB6}"
EndProject
Global
	GlobalSection(SolutionConfigurationPlatforms) = preSolution
		Debug|x64 = Debug|x64
		Debug|x86 = Debug|x86
		Release|x64 = Release|x64
		Release|x86 = Release|x86
	EndGlobalSection
	GlobalSection(ProjectConfigurationPlatforms) = postSolution
		{E965C475-A735-42CC-990E-D5CA4DD24BB6}.Debug|x64.ActiveCfg = Debug|x64
		{E965C475-A735-42CC-990E-D5CA4DD24BB6}.Debug|x64.Build.0 = Debug|x64
		{E965C475-A735-42CC-990E-D5CA4DD24BB6}.Debug|x86.ActiveCfg = Debug|Win32
		{E965C475-A735-42CC-990E-D5CA4DD24BB6}.Debug|x86.Build.0 = Debug|Win32
		{E965C475-A735-42CC-990E-D5CA4DD24BB6}.Release|x64.ActiveCfg = Release|x64
		{E965C475-A735-42CC-990E-D5CA4DD24BB6}.Release|x64.Build.0 = Release|x64
		{E965C475-A735-42CC-990E-D5CA4DD24BB6}.Release|x86.ActiveCfg = Release|Win32
		{E965C475-A735-42CC-990E-D5CA4DD24BB6}.Release|x86.Build.0 = Release|Win32
	EndGlobalSection
	GlobalSection(SolutionProperties) = preSolution
		HideSolutionNode = FALSE
	EndGlobalSection
	GlobalSection(ExtensibilityGlobals) = postSolution
		SolutionGuid = {F2954991-88A3-4800-A67B-DCFB04D70570}
	EndGlobalSection
EndGlobal
